
Microsoft Visual Studio Solution File, Format Version 12.00
# Visual Studio Version 17
VisualStudioVersion = 17.1.32319.34
MinimumVisualStudioVersion = 10.0.40219.1
Project("{FAE04EC0-301F-11D3-BF4B-00C04F79EFBC}") = "MinimalAPIDemo", "MinimalAPIDemo\MinimalAPIDemo.csproj", "{0DCC7B06-1F92-41D2-B8DE-965D22C178A7}"
EndProject
Project("{00D1A9C2-B5F0-4AF3-8072-F6C62B433612}") = "UserDB", "UserDB\UserDB.sqlproj", "{7B60BF6B-620D-41A5-BD1A-976D7B101B62}"
EndProject
Project("{FAE04EC0-301F-11D3-BF4B-00C04F79EFBC}") = "DataAccess", "DataAccess\DataAccess.csproj", "{1A077906-2B76-4445-81B4-6FF3E7E7BEB7}"
EndProject
Project("{2150E333-8FDC-42A3-9474-1A3956D46DE8}") = "Solution Items", "Solution Items", "{DB3023B0-EC4E-4083-ABD7-9A66EDC956FF}"
	ProjectSection(SolutionItems) = preProject
		.editorconfig = .editorconfig
	EndProjectSection
EndProject
Global
	GlobalSection(SolutionConfigurationPlatforms) = preSolution
		Debug|Any CPU = Debug|Any CPU
		Release|Any CPU = Release|Any CPU
	EndGlobalSection
	GlobalSection(ProjectConfigurationPlatforms) = postSolution
		{0DCC7B06-1F92-41D2-B8DE-965D22C178A7}.Debug|Any CPU.ActiveCfg = Debug|Any CPU
		{0DCC7B06-1F92-41D2-B8DE-965D22C178A7}.Debug|Any CPU.Build.0 = Debug|Any CPU
		{0DCC7B06-1F92-41D2-B8DE-965D22C178A7}.Release|Any CPU.ActiveCfg = Release|Any CPU
		{0DCC7B06-1F92-41D2-B8DE-965D22C178A7}.Release|Any CPU.Build.0 = Release|Any CPU
		{7B60BF6B-620D-41A5-BD1A-976D7B101B62}.Debug|Any CPU.ActiveCfg = Debug|Any CPU
		{7B60BF6B-620D-41A5-BD1A-976D7B101B62}.Debug|Any CPU.Build.0 = Debug|Any CPU
		{7B60BF6B-620D-41A5-BD1A-976D7B101B62}.Debug|Any CPU.Deploy.0 = Debug|Any CPU
		{7B60BF6B-620D-41A5-BD1A-976D7B101B62}.Release|Any CPU.ActiveCfg = Release|Any CPU
		{7B60BF6B-620D-41A5-BD1A-976D7B101B62}.Release|Any CPU.Build.0 = Release|Any CPU
		{7B60BF6B-620D-41A5-BD1A-976D7B101B62}.Release|Any CPU.Deploy.0 = Release|Any CPU
		{1A077906-2B76-4445-81B4-6FF3E7E7BEB7}.Debug|Any CPU.ActiveCfg = Debug|Any CPU
		{1A077906-2B76-4445-81B4-6FF3E7E7BEB7}.Debug|Any CPU.Build.0 = Debug|Any CPU
		{1A077906-2B76-4445-81B4-6FF3E7E7BEB7}.Release|Any CPU.ActiveCfg = Release|Any CPU
		{1A077906-2B76-4445-81B4-6FF3E7E7BEB7}.Release|Any CPU.Build.0 = Release|Any CPU
	EndGlobalSection
	GlobalSection(SolutionProperties) = preSolution
		HideSolutionNode = FALSE
	EndGlobalSection
	GlobalSection(ExtensibilityGlobals) = postSolution
		SolutionGuid = {DF5C255D-A810-4C64-90A0-E008114B7C15}
	EndGlobalSection
EndGlobal
